{
    "_readme": [
        "This file locks the dependencies of your project to a known state",
        "This file is @generated automatically"
    ],
    "content-hash": "d751713988987e9331980363e24189ce",
    "packages": [],
    "packages-dev": [],
    "aliases": [],
    "minimum-stability": "stable",
    "stability-flags": {},
    "prefer-stable": false,
    "prefer-lowest": false,
    "platform": {
        "php": ">=8.0"
    },
    "platform-dev": {},
    "plugin-api-version": "2.6.0"
}
